
Microsoft Visual Studio Solution File, Format Version 12.00
# Visual Studio Version 17
VisualStudioVersion = 17.5.33627.172
MinimumVisualStudioVersion = 10.0.40219.1
Project("{8BC9CEB8-8B4A-11D0-8D11-00A0C91BC942}") = "ср раб", "ср раб\ср раб.vcxproj", "{C979ED74-FD49-4E0A-8721-918DA91EE640}"
EndProject
Global
	GlobalSection(SolutionConfigurationPlatforms) = preSolution
		Debug|x64 = Debug|x64
		Debug|x86 = Debug|x86
		Release|x64 = Release|x64
		Release|x86 = Release|x86
	EndGlobalSection
	GlobalSection(ProjectConfigurationPlatforms) = postSolution
		{C979ED74-FD49-4E0A-8721-918DA91EE640}.Debug|x64.ActiveCfg = Debug|x64
		{C979ED74-FD49-4E0A-8721-918DA91EE640}.Debug|x64.Build.0 = Debug|x64
		{C979ED74-FD49-4E0A-8721-918DA91EE640}.Debug|x86.ActiveCfg = Debug|Win32
		{C979ED74-FD49-4E0A-8721-918DA91EE640}.Debug|x86.Build.0 = Debug|Win32
		{C979ED74-FD49-4E0A-8721-918DA91EE640}.Release|x64.ActiveCfg = Release|x64
		{C979ED74-FD49-4E0A-8721-918DA91EE640}.Release|x64.Build.0 = Release|x64
		{C979ED74-FD49-4E0A-8721-918DA91EE640}.Release|x86.ActiveCfg = Release|Win32
		{C979ED74-FD49-4E0A-8721-918DA91EE640}.Release|x86.Build.0 = Release|Win32
	EndGlobalSection
	GlobalSection(SolutionProperties) = preSolution
		HideSolutionNode = FALSE
	EndGlobalSection
	GlobalSection(ExtensibilityGlobals) = postSolution
		SolutionGuid = {F4C4A5F9-82AA-4B15-9CEA-F623D7CB0595}
	EndGlobalSection
EndGlobal
